// !$*UTF8*$!
{
	archiveVersion = 1;
	classes = {
	};
	objectVersion = 56;
	objects = {

/* Begin PBXBuildFile section */
		23926A562996F99F00B4081C /* AppDelegate.swift in Sources */ = {isa = PBXBuildFile; fileRef = 23926A552996F99F00B4081C /* AppDelegate.swift */; };
		23926A582996F99F00B4081C /* SceneDelegate.swift in Sources */ = {isa = PBXBuildFile; fileRef = 23926A572996F99F00B4081C /* SceneDelegate.swift */; };
		23926A5D2996F99F00B4081C /* Main.storyboard in Resources */ = {isa = PBXBuildFile; fileRef = 23926A5B2996F99F00B4081C /* Main.storyboard */; };
		23926A5F2996F9A000B4081C /* Assets.xcassets in Resources */ = {isa = PBXBuildFile; fileRef = 23926A5E2996F9A000B4081C /* Assets.xcassets */; };
		23926A622996F9A000B4081C /* LaunchScreen.storyboard in Resources */ = {isa = PBXBuildFile; fileRef = 23926A602996F9A000B4081C /* LaunchScreen.storyboard */; };
		23926A6A2996FBFC00B4081C /* SportsteamTableViewController.swift in Sources */ = {isa = PBXBuildFile; fileRef = 23926A692996FBFC00B4081C /* SportsteamTableViewController.swift */; };
		23926A6C2996FF1100B4081C /* TeamTableViewCell.swift in Sources */ = {isa = PBXBuildFile; fileRef = 23926A6B2996FF1100B4081C /* TeamTableViewCell.swift */; };
		23926A6E29970C8000B4081C /* TeamDetailViewController.swift in Sources */ = {isa = PBXBuildFile; fileRef = 23926A6D29970C8000B4081C /* TeamDetailViewController.swift */; };
/* End PBXBuildFile section */

/* Begin PBXFileReference section */
		23926A522996F99F00B4081C /* dotGloWeek2Assessment.app */ = {isa = PBXFileReference; explicitFileType = wrapper.application; includeInIndex = 0; path = dotGloWeek2Assessment.app; sourceTree = BUILT_PRODUCTS_DIR; };
		23926A552996F99F00B4081C /* AppDelegate.swift */ = {isa = PBXFileReference; lastKnownFileType = sourcecode.swift; path = AppDelegate.swift; sourceTree = "<group>"; };
		23926A572996F99F00B4081C /* SceneDelegate.swift */ = {isa = PBXFileReference; lastKnownFileType = sourcecode.swift; path = SceneDelegate.swift; sourceTree = "<group>"; };
		23926A5C2996F99F00B4081C /* Base */ = {isa = PBXFileReference; lastKnownFileType = file.storyboard; name = Base; path = Base.lproj/Main.storyboard; sourceTree = "<group>"; };
		23926A5E2996F9A000B4081C /* Assets.xcassets */ = {isa = PBXFileReference; lastKnownFileType = folder.assetcatalog; path = Assets.xcassets; sourceTree = "<group>"; };
		23926A612996F9A000B4081C /* Base */ = {isa = PBXFileReference; lastKnownFileType = file.storyboard; name = Base; path = Base.lproj/LaunchScreen.storyboard; sourceTree = "<group>"; };
		23926A632996F9A000B4081C /* Info.plist */ = {isa = PBXFileReference; lastKnownFileType = text.plist.xml; path = Info.plist; sourceTree = "<group>"; };
		23926A692996FBFC00B4081C /* SportsteamTableViewController.swift */ = {isa = PBXFileReference; lastKnownFileType = sourcecode.swift; path = SportsteamTableViewController.swift; sourceTree = "<group>"; };
		23926A6B2996FF1100B4081C /* TeamTableViewCell.swift */ = {isa = PBXFileReference; lastKnownFileType = sourcecode.swift; path = TeamTableViewCell.swift; sourceTree = "<group>"; };
		23926A6D29970C8000B4081C /* TeamDetailViewController.swift */ = {isa = PBXFileReference; lastKnownFileType = sourcecode.swift; path = TeamDetailViewController.swift; sourceTree = "<group>"; };
/* End PBXFileReference section */

/* Begin PBXFrameworksBuildPhase section */
		23926A4F2996F99F00B4081C /* Frameworks */ = {
			isa = PBXFrameworksBuildPhase;
			buildActionMask = 2147483647;
			files = (
			);
			runOnlyForDeploymentPostprocessing = 0;
		};
/* End PBXFrameworksBuildPhase section */

/* Begin PBXGroup section */
		2376812B2999640E00B098C2 /* Model */ = {
			isa = PBXGroup;
			children = (
			);
			path = Model;
			sourceTree = "<group>";
		};
		2376812C2999642500B098C2 /* Storyboards */ = {
			isa = PBXGroup;
			children = (
				23926A5B2996F99F00B4081C /* Main.storyboard */,
				23926A602996F9A000B4081C /* LaunchScreen.storyboard */,
			);
			path = Storyboards;
			sourceTree = "<group>";
		};
		2376812D2999643100B098C2 /* Controllers */ = {
			isa = PBXGroup;
			children = (
				23926A692996FBFC00B4081C /* SportsteamTableViewController.swift */,
				23926A6D29970C8000B4081C /* TeamDetailViewController.swift */,
				23926A6B2996FF1100B4081C /* TeamTableViewCell.swift */,
			);
			path = Controllers;
			sourceTree = "<group>";
		};
		2376812E2999644000B098C2 /* Supporting Files */ = {
			isa = PBXGroup;
			children = (
				23926A552996F99F00B4081C /* AppDelegate.swift */,
				23926A572996F99F00B4081C /* SceneDelegate.swift */,
			);
			path = "Supporting Files";
			sourceTree = "<group>";
		};
		23926A492996F99F00B4081C = {
			isa = PBXGroup;
			children = (
				23926A542996F99F00B4081C /* dotGloWeek2Assessment */,
				23926A532996F99F00B4081C /* Products */,
			);
			sourceTree = "<group>";
		};
		23926A532996F99F00B4081C /* Products */ = {
			isa = PBXGroup;
			children = (
				23926A522996F99F00B4081C /* dotGloWeek2Assessment.app */,
			);
			name = Products;
			sourceTree = "<group>";
		};
		23926A542996F99F00B4081C /* dotGloWeek2Assessment */ = {
			isa = PBXGroup;
			children = (
				2376812B2999640E00B098C2 /* Model */,
				2376812D2999643100B098C2 /* Controllers */,
				2376812C2999642500B098C2 /* Storyboards */,
				2376812E2999644000B098C2 /* Supporting Files */,
				23926A5E2996F9A000B4081C /* Assets.xcassets */,
				23926A632996F9A000B4081C /* Info.plist */,
			);
			path = dotGloWeek2Assessment;
			sourceTree = "<group>";
		};
/* End PBXGroup section */

/* Begin PBXNativeTarget section */
		23926A512996F99F00B4081C /* dotGloWeek2Assessment */ = {
			isa = PBXNativeTarget;
			buildConfigurationList = 23926A662996F9A000B4081C /* Build configuration list for PBXNativeTarget "dotGloWeek2Assessment" */;
			buildPhases = (
				23926A4E2996F99F00B4081C /* Sources */,
				23926A4F2996F99F00B4081C /* Frameworks */,
				23926A502996F99F00B4081C /* Resources */,
			);
			buildRules = (
			);
			dependencies = (
			);
			name = dotGloWeek2Assessment;
			productName = dotGloWeek2Assessment;
			productReference = 23926A522996F99F00B4081C /* dotGloWeek2Assessment.app */;
			productType = "com.apple.product-type.application";
		};
/* End PBXNativeTarget section */

/* Begin PBXProject section */
		23926A4A2996F99F00B4081C /* Project object */ = {
			isa = PBXProject;
			attributes = {
				BuildIndependentTargetsInParallel = 1;
				LastSwiftUpdateCheck = 1420;
				LastUpgradeCheck = 1420;
				TargetAttributes = {
					23926A512996F99F00B4081C = {
						CreatedOnToolsVersion = 14.2;
					};
				};
			};
			buildConfigurationList = 23926A4D2996F99F00B4081C /* Build configuration list for PBXProject "dotGloWeek2Assessment" */;
			compatibilityVersion = "Xcode 14.0";
			developmentRegion = en;
			hasScannedForEncodings = 0;
			knownRegions = (
				en,
				Base,
			);
			mainGroup = 23926A492996F99F00B4081C;
			productRefGroup = 23926A532996F99F00B4081C /* Products */;
			projectDirPath = "";
			projectRoot = "";
			targets = (
				23926A512996F99F00B4081C /* dotGloWeek2Assessment */,
			);
		};
/* End PBXProject section */

/* Begin PBXResourcesBuildPhase section */
		23926A502996F99F00B4081C /* Resources */ = {
			isa = PBXResourcesBuildPhase;
			buildActionMask = 2147483647;
			files = (
				23926A622996F9A000B4081C /* LaunchScreen.storyboard in Resources */,
				23926A5F2996F9A000B4081C /* Assets.xcassets in Resources */,
				23926A5D2996F99F00B4081C /* Main.storyboard in Resources */,
			);
			runOnlyForDeploymentPostprocessing = 0;
		};
/* End PBXResourcesBuildPhase section */

/* Begin PBXSourcesBuildPhase section */
		23926A4E2996F99F00B4081C /* Sources */ = {
			isa = PBXSourcesBuildPhase;
			buildActionMask = 2147483647;
			files = (
				23926A6E29970C8000B4081C /* TeamDetailViewController.swift in Sources */,
				23926A6C2996FF1100B4081C /* TeamTableViewCell.swift in Sources */,
				23926A562996F99F00B4081C /* AppDelegate.swift in Sources */,
				23926A582996F99F00B4081C /* SceneDelegate.swift in Sources */,
				23926A6A2996FBFC00B4081C /* SportsteamTableViewController.swift in Sources */,
			);
			runOnlyForDeploymentPostprocessing = 0;
		};
/* End PBXSourcesBuildPhase section */

/* Begin PBXVariantGroup section */
		23926A5B2996F99F00B4081C /* Main.storyboard */ = {
			isa = PBXVariantGroup;
			children = (
				23926A5C2996F99F00B4081C /* Base */,
			);
			name = Main.storyboard;
			sourceTree = "<group>";
		};
		23926A602996F9A000B4081C /* LaunchScreen.storyboard */ = {
			isa = PBXVariantGroup;
			children = (
				23926A612996F9A000B4081C /* Base */,
			);
			name = LaunchScreen.storyboard;
			sourceTree = "<group>";
		};
/* End PBXVariantGroup section */

/* Begin XCBuildConfiguration section */
		23926A642996F9A000B4081C /* Debug */ = {
			isa = XCBuildConfiguration;
			buildSettings = {
				ALWAYS_SEARCH_USER_PATHS = NO;
				CLANG_ANALYZER_NONNULL = YES;
				CLANG_ANALYZER_NUMBER_OBJECT_CONVERSION = YES_AGGRESSIVE;
				CLANG_CXX_LANGUAGE_STANDARD = "gnu++20";
				CLANG_ENABLE_MODULES = YES;
				CLANG_ENABLE_OBJC_ARC = YES;
				CLANG_ENABLE_OBJC_WEAK = YES;
				CLANG_WARN_BLOCK_CAPTURE_AUTORELEASING = YES;
				CLANG_WARN_BOOL_CONVERSION = YES;
				CLANG_WARN_COMMA = YES;
				CLANG_WARN_CONSTANT_CONVERSION = YES;
				CLANG_WARN_DEPRECATED_OBJC_IMPLEMENTATIONS = YES;
				CLANG_WARN_DIRECT_OBJC_ISA_USAGE = YES_ERROR;
				CLANG_WARN_DOCUMENTATION_COMMENTS = YES;
				CLANG_WARN_EMPTY_BODY = YES;
				CLANG_WARN_ENUM_CONVERSION = YES;
				CLANG_WARN_INFINITE_RECURSION = YES;
				CLANG_WARN_INT_CONVERSION = YES;
				CLANG_WARN_NON_LITERAL_NULL_CONVERSION = YES;
				CLANG_WARN_OBJC_IMPLICIT_RETAIN_SELF = YES;
				CLANG_WARN_OBJC_LITERAL_CONVERSION = YES;
				CLANG_WARN_OBJC_ROOT_CLASS = YES_ERROR;
				CLANG_WARN_QUOTED_INCLUDE_IN_FRAMEWORK_HEADER = YES;
				CLANG_WARN_RANGE_LOOP_ANALYSIS = YES;
				CLANG_WARN_STRICT_PROTOTYPES = YES;
				CLANG_WARN_SUSPICIOUS_MOVE = YES;
				CLANG_WARN_UNGUARDED_AVAILABILITY = YES_AGGRESSIVE;
				CLANG_WARN_UNREACHABLE_CODE = YES;
				CLANG_WARN__DUPLICATE_METHOD_MATCH = YES;
				COPY_PHASE_STRIP = NO;
				DEBUG_INFORMATION_FORMAT = dwarf;
				ENABLE_STRICT_OBJC_MSGSEND = YES;
				ENABLE_TESTABILITY = YES;
				GCC_C_LANGUAGE_STANDARD = gnu11;
				GCC_DYNAMIC_NO_PIC = NO;
				GCC_NO_COMMON_BLOCKS = YES;
				GCC_OPTIMIZATION_LEVEL = 0;
				GCC_PREPROCESSOR_DEFINITIONS = (
					"DEBUG=1",
					"$(inherited)",
				);
				GCC_WARN_64_TO_32_BIT_CONVERSION = YES;
				GCC_WARN_ABOUT_RETURN_TYPE = YES_ERROR;
				GCC_WARN_UNDECLARED_SELECTOR = YES;
				GCC_WARN_UNINITIALIZED_AUTOS = YES_AGGRESSIVE;
				GCC_WARN_UNUSED_FUNCTION = YES;
				GCC_WARN_UNUSED_VARIABLE = YES;
				IPHONEOS_DEPLOYMENT_TARGET = 16.2;
				MTL_ENABLE_DEBUG_INFO = INCLUDE_SOURCE;
				MTL_FAST_MATH = YES;
				ONLY_ACTIVE_ARCH = YES;
				SDKROOT = iphoneos;
				SWIFT_ACTIVE_COMPILATION_CONDITIONS = DEBUG;
				SWIFT_OPTIMIZATION_LEVEL = "-Onone";
			};
			name = Debug;
		};
		23926A652996F9A000B4081C /* Release */ = {
			isa = XCBuildConfiguration;
			buildSettings = {
				ALWAYS_SEARCH_USER_PATHS = NO;
				CLANG_ANALYZER_NONNULL = YES;
				CLANG_ANALYZER_NUMBER_OBJECT_CONVERSION = YES_AGGRESSIVE;
				CLANG_CXX_LANGUAGE_STANDARD = "gnu++20";
				CLANG_ENABLE_MODULES = YES;
				CLANG_ENABLE_OBJC_ARC = YES;
				CLANG_ENABLE_OBJC_WEAK = YES;
				CLANG_WARN_BLOCK_CAPTURE_AUTORELEASING = YES;
				CLANG_WARN_BOOL_CONVERSION = YES;
				CLANG_WARN_COMMA = YES;
				CLANG_WARN_CONSTANT_CONVERSION = YES;
				CLANG_WARN_DEPRECATED_OBJC_IMPLEMENTATIONS = YES;
				CLANG_WARN_DIRECT_OBJC_ISA_USAGE = YES_ERROR;
				CLANG_WARN_DOCUMENTATION_COMMENTS = YES;
				CLANG_WARN_EMPTY_BODY = YES;
				CLANG_WARN_ENUM_CONVERSION = YES;
				CLANG_WARN_INFINITE_RECURSION = YES;
				CLANG_WARN_INT_CONVERSION = YES;
				CLANG_WARN_NON_LITERAL_NULL_CONVERSION = YES;
				CLANG_WARN_OBJC_IMPLICIT_RETAIN_SELF = YES;
				CLANG_WARN_OBJC_LITERAL_CONVERSION = YES;
				CLANG_WARN_OBJC_ROOT_CLASS = YES_ERROR;
				CLANG_WARN_QUOTED_INCLUDE_IN_FRAMEWORK_HEADER = YES;
				CLANG_WARN_RANGE_LOOP_ANALYSIS = YES;
				CLANG_WARN_STRICT_PROTOTYPES = YES;
				CLANG_WARN_SUSPICIOUS_MOVE = YES;
				CLANG_WARN_UNGUARDED_AVAILABILITY = YES_AGGRESSIVE;
				CLANG_WARN_UNREACHABLE_CODE = YES;
				CLANG_WARN__DUPLICATE_METHOD_MATCH = YES;
				COPY_PHASE_STRIP = NO;
				DEBUG_INFORMATION_FORMAT = "dwarf-with-dsym";
				ENABLE_NS_ASSERTIONS = NO;
				ENABLE_STRICT_OBJC_MSGSEND = YES;
				GCC_C_LANGUAGE_STANDARD = gnu11;
				GCC_NO_COMMON_BLOCKS = YES;
				GCC_WARN_64_TO_32_BIT_CONVERSION = YES;
				GCC_WARN_ABOUT_RETURN_TYPE = YES_ERROR;
				GCC_WARN_UNDECLARED_SELECTOR = YES;
				GCC_WARN_UNINITIALIZED_AUTOS = YES_AGGRESSIVE;
				GCC_WARN_UNUSED_FUNCTION = YES;
				GCC_WARN_UNUSED_VARIABLE = YES;
				IPHONEOS_DEPLOYMENT_TARGET = 16.2;
				MTL_ENABLE_DEBUG_INFO = NO;
				MTL_FAST_MATH = YES;
				SDKROOT = iphoneos;
				SWIFT_COMPILATION_MODE = wholemodule;
				SWIFT_OPTIMIZATION_LEVEL = "-O";
				VALIDATE_PRODUCT = YES;
			};
			name = Release;
		};
		23926A672996F9A000B4081C /* Debug */ = {
			isa = XCBuildConfiguration;
			buildSettings = {
				ASSETCATALOG_COMPILER_APPICON_NAME = AppIcon;
				ASSETCATALOG_COMPILER_GLOBAL_ACCENT_COLOR_NAME = AccentColor;
				CODE_SIGN_STYLE = Automatic;
				CURRENT_PROJECT_VERSION = 1;
				GENERATE_INFOPLIST_FILE = YES;
				INFOPLIST_FILE = dotGloWeek2Assessment/Info.plist;
				INFOPLIST_KEY_UIApplicationSupportsIndirectInputEvents = YES;
				INFOPLIST_KEY_UILaunchStoryboardName = LaunchScreen;
				INFOPLIST_KEY_UIMainStoryboardFile = Main;
				INFOPLIST_KEY_UISupportedInterfaceOrientations_iPad = "UIInterfaceOrientationPortrait UIInterfaceOrientationPortraitUpsideDown UIInterfaceOrientationLandscapeLeft UIInterfaceOrientationLandscapeRight";
				INFOPLIST_KEY_UISupportedInterfaceOrientations_iPhone = "UIInterfaceOrientationPortrait UIInterfaceOrientationLandscapeLeft UIInterfaceOrientationLandscapeRight";
				LD_RUNPATH_SEARCH_PATHS = (
					"$(inherited)",
					"@executable_path/Frameworks",
				);
				MARKETING_VERSION = 1.0;
				PRODUCT_BUNDLE_IDENTIFIER = dotGlo.dotGloWeek2Assessment;
				PRODUCT_NAME = "$(TARGET_NAME)";
				SWIFT_EMIT_LOC_STRINGS = YES;
				SWIFT_VERSION = 5.0;
				TARGETED_DEVICE_FAMILY = "1,2";
			};
			name = Debug;
		};
		23926A682996F9A000B4081C /* Release */ = {
			isa = XCBuildConfiguration;
			buildSettings = {
				ASSETCATALOG_COMPILER_APPICON_NAME = AppIcon;
				ASSETCATALOG_COMPILER_GLOBAL_ACCENT_COLOR_NAME = AccentColor;
				CODE_SIGN_STYLE = Automatic;
				CURRENT_PROJECT_VERSION = 1;
				GENERATE_INFOPLIST_FILE = YES;
				INFOPLIST_FILE = dotGloWeek2Assessment/Info.plist;
				INFOPLIST_KEY_UIApplicationSupportsIndirectInputEvents = YES;
				INFOPLIST_KEY_UILaunchStoryboardName = LaunchScreen;
				INFOPLIST_KEY_UIMainStoryboardFile = Main;
				INFOPLIST_KEY_UISupportedInterfaceOrientations_iPad = "UIInterfaceOrientationPortrait UIInterfaceOrientationPortraitUpsideDown UIInterfaceOrientationLandscapeLeft UIInterfaceOrientationLandscapeRight";
				INFOPLIST_KEY_UISupportedInterfaceOrientations_iPhone = "UIInterfaceOrientationPortrait UIInterfaceOrientationLandscapeLeft UIInterfaceOrientationLandscapeRight";
				LD_RUNPATH_SEARCH_PATHS = (
					"$(inherited)",
					"@executable_path/Frameworks",
				);
				MARKETING_VERSION = 1.0;
				PRODUCT_BUNDLE_IDENTIFIER = dotGlo.dotGloWeek2Assessment;
				PRODUCT_NAME = "$(TARGET_NAME)";
				SWIFT_EMIT_LOC_STRINGS = YES;
				SWIFT_VERSION = 5.0;
				TARGETED_DEVICE_FAMILY = "1,2";
			};
			name = Release;
		};
/* End XCBuildConfiguration section */

/* Begin XCConfigurationList section */
		23926A4D2996F99F00B4081C /* Build configuration list for PBXProject "dotGloWeek2Assessment" */ = {
			isa = XCConfigurationList;
			buildConfigurations = (
				23926A642996F9A000B4081C /* Debug */,
				23926A652996F9A000B4081C /* Release */,
			);
			defaultConfigurationIsVisible = 0;
			defaultConfigurationName = Release;
		};
		23926A662996F9A000B4081C /* Build configuration list for PBXNativeTarget "dotGloWeek2Assessment" */ = {
			isa = XCConfigurationList;
			buildConfigurations = (
				23926A672996F9A000B4081C /* Debug */,
				23926A682996F9A000B4081C /* Release */,
			);
			defaultConfigurationIsVisible = 0;
			defaultConfigurationName = Release;
		};
/* End XCConfigurationList section */
	};
	rootObject = 23926A4A2996F99F00B4081C /* Project object */;
}
